// !$*UTF8*$!
{
	archiveVersion = 1;
	classes = {
	};
	objectVersion = 55;
	objects = {

/* Begin PBXBuildFile section */
		022D37E9557FE9700BD9FE16 /* Pods_Flix_Clone.framework in Frameworks */ = {isa = PBXBuildFile; fileRef = CBFAFE1ECE76AD04D43878E3 /* Pods_Flix_Clone.framework */; };
		24534B4028CFFD9B00706985 /* AppDelegate.swift in Sources */ = {isa = PBXBuildFile; fileRef = 24534B3F28CFFD9B00706985 /* AppDelegate.swift */; };
		24534B4228CFFD9B00706985 /* SceneDelegate.swift in Sources */ = {isa = PBXBuildFile; fileRef = 24534B4128CFFD9B00706985 /* SceneDelegate.swift */; };
		24534B4428CFFD9B00706985 /* ViewController.swift in Sources */ = {isa = PBXBuildFile; fileRef = 24534B4328CFFD9B00706985 /* ViewController.swift */; };
		24534B4728CFFD9B00706985 /* Main.storyboard in Resources */ = {isa = PBXBuildFile; fileRef = 24534B4528CFFD9B00706985 /* Main.storyboard */; };
		24534B4928CFFD9D00706985 /* Assets.xcassets in Resources */ = {isa = PBXBuildFile; fileRef = 24534B4828CFFD9D00706985 /* Assets.xcassets */; };
		24534B4C28CFFD9D00706985 /* LaunchScreen.storyboard in Resources */ = {isa = PBXBuildFile; fileRef = 24534B4A28CFFD9D00706985 /* LaunchScreen.storyboard */; };
		24534B5728CFFD9D00706985 /* Flix_CloneTests.swift in Sources */ = {isa = PBXBuildFile; fileRef = 24534B5628CFFD9D00706985 /* Flix_CloneTests.swift */; };
		24534B6128CFFD9D00706985 /* Flix_CloneUITests.swift in Sources */ = {isa = PBXBuildFile; fileRef = 24534B6028CFFD9D00706985 /* Flix_CloneUITests.swift */; };
		24534B6328CFFD9D00706985 /* Flix_CloneUITestsLaunchTests.swift in Sources */ = {isa = PBXBuildFile; fileRef = 24534B6228CFFD9D00706985 /* Flix_CloneUITestsLaunchTests.swift */; };
		2489869028D01C2400B13CA9 /* MovieCellTableViewCell.swift in Sources */ = {isa = PBXBuildFile; fileRef = 2489868F28D01C2400B13CA9 /* MovieCellTableViewCell.swift */; };
		2489869328D02C6000B13CA9 /* AlamofireImage in Frameworks */ = {isa = PBXBuildFile; productRef = 2489869228D02C6000B13CA9 /* AlamofireImage */; };
		248EABF328D90C5C00FC4E09 /* MovieDetailsViewController.swift in Sources */ = {isa = PBXBuildFile; fileRef = 248EABF228D90C5C00FC4E09 /* MovieDetailsViewController.swift */; };
		248EABF528D9291400FC4E09 /* MovieGridViewController.swift in Sources */ = {isa = PBXBuildFile; fileRef = 248EABF428D9291400FC4E09 /* MovieGridViewController.swift */; };
		249D992128D9908B000A6DC7 /* MovieGridCell.swift in Sources */ = {isa = PBXBuildFile; fileRef = 249D992028D9908B000A6DC7 /* MovieGridCell.swift */; };
		45CA49E98AA5BDC27FABAC14 /* Pods_Flix_CloneTests.framework in Frameworks */ = {isa = PBXBuildFile; fileRef = 7B6BE149C3F204BF440C4A98 /* Pods_Flix_CloneTests.framework */; };
		D02173B98CB858A0E105F55E /* Pods_Flix_Clone_Flix_CloneUITests.framework in Frameworks */ = {isa = PBXBuildFile; fileRef = F9A86C4810DADF2AF34742AF /* Pods_Flix_Clone_Flix_CloneUITests.framework */; };
/* End PBXBuildFile section */

/* Begin PBXContainerItemProxy section */
		24534B5328CFFD9D00706985 /* PBXContainerItemProxy */ = {
			isa = PBXContainerItemProxy;
			containerPortal = 24534B3428CFFD9B00706985 /* Project object */;
			proxyType = 1;
			remoteGlobalIDString = 24534B3B28CFFD9B00706985;
			remoteInfo = "Flix-Clone";
		};
		24534B5D28CFFD9D00706985 /* PBXContainerItemProxy */ = {
			isa = PBXContainerItemProxy;
			containerPortal = 24534B3428CFFD9B00706985 /* Project object */;
			proxyType = 1;
			remoteGlobalIDString = 24534B3B28CFFD9B00706985;
			remoteInfo = "Flix-Clone";
		};
/* End PBXContainerItemProxy section */

/* Begin PBXFileReference section */
		24534B3C28CFFD9B00706985 /* Flix-Clone.app */ = {isa = PBXFileReference; explicitFileType = wrapper.application; includeInIndex = 0; path = "Flix-Clone.app"; sourceTree = BUILT_PRODUCTS_DIR; };
		24534B3F28CFFD9B00706985 /* AppDelegate.swift */ = {isa = PBXFileReference; lastKnownFileType = sourcecode.swift; path = AppDelegate.swift; sourceTree = "<group>"; };
		24534B4128CFFD9B00706985 /* SceneDelegate.swift */ = {isa = PBXFileReference; lastKnownFileType = sourcecode.swift; path = SceneDelegate.swift; sourceTree = "<group>"; };
		24534B4328CFFD9B00706985 /* ViewController.swift */ = {isa = PBXFileReference; lastKnownFileType = sourcecode.swift; path = ViewController.swift; sourceTree = "<group>"; };
		24534B4628CFFD9B00706985 /* Base */ = {isa = PBXFileReference; lastKnownFileType = file.storyboard; name = Base; path = Base.lproj/Main.storyboard; sourceTree = "<group>"; };
		24534B4828CFFD9D00706985 /* Assets.xcassets */ = {isa = PBXFileReference; lastKnownFileType = folder.assetcatalog; path = Assets.xcassets; sourceTree = "<group>"; };
		24534B4B28CFFD9D00706985 /* Base */ = {isa = PBXFileReference; lastKnownFileType = file.storyboard; name = Base; path = Base.lproj/LaunchScreen.storyboard; sourceTree = "<group>"; };
		24534B4D28CFFD9D00706985 /* Info.plist */ = {isa = PBXFileReference; lastKnownFileType = text.plist.xml; path = Info.plist; sourceTree = "<group>"; };
		24534B5228CFFD9D00706985 /* Flix-CloneTests.xctest */ = {isa = PBXFileReference; explicitFileType = wrapper.cfbundle; includeInIndex = 0; path = "Flix-CloneTests.xctest"; sourceTree = BUILT_PRODUCTS_DIR; };
		24534B5628CFFD9D00706985 /* Flix_CloneTests.swift */ = {isa = PBXFileReference; lastKnownFileType = sourcecode.swift; path = Flix_CloneTests.swift; sourceTree = "<group>"; };
		24534B5C28CFFD9D00706985 /* Flix-CloneUITests.xctest */ = {isa = PBXFileReference; explicitFileType = wrapper.cfbundle; includeInIndex = 0; path = "Flix-CloneUITests.xctest"; sourceTree = BUILT_PRODUCTS_DIR; };
		24534B6028CFFD9D00706985 /* Flix_CloneUITests.swift */ = {isa = PBXFileReference; lastKnownFileType = sourcecode.swift; path = Flix_CloneUITests.swift; sourceTree = "<group>"; };
		24534B6228CFFD9D00706985 /* Flix_CloneUITestsLaunchTests.swift */ = {isa = PBXFileReference; lastKnownFileType = sourcecode.swift; path = Flix_CloneUITestsLaunchTests.swift; sourceTree = "<group>"; };
		2489868F28D01C2400B13CA9 /* MovieCellTableViewCell.swift */ = {isa = PBXFileReference; lastKnownFileType = sourcecode.swift; path = MovieCellTableViewCell.swift; sourceTree = "<group>"; };
		248EABF228D90C5C00FC4E09 /* MovieDetailsViewController.swift */ = {isa = PBXFileReference; lastKnownFileType = sourcecode.swift; path = MovieDetailsViewController.swift; sourceTree = "<group>"; };
		248EABF428D9291400FC4E09 /* MovieGridViewController.swift */ = {isa = PBXFileReference; lastKnownFileType = sourcecode.swift; path = MovieGridViewController.swift; sourceTree = "<group>"; };
		249D992028D9908B000A6DC7 /* MovieGridCell.swift */ = {isa = PBXFileReference; lastKnownFileType = sourcecode.swift; path = MovieGridCell.swift; sourceTree = "<group>"; };
		429744A7020F10224775DAD8 /* Pods-Flix-Clone-Flix-CloneUITests.debug.xcconfig */ = {isa = PBXFileReference; includeInIndex = 1; lastKnownFileType = text.xcconfig; name = "Pods-Flix-Clone-Flix-CloneUITests.debug.xcconfig"; path = "Target Support Files/Pods-Flix-Clone-Flix-CloneUITests/Pods-Flix-Clone-Flix-CloneUITests.debug.xcconfig"; sourceTree = "<group>"; };
		4BCFB7FA409525DF0A0AB94E /* Pods-Flix-CloneTests.release.xcconfig */ = {isa = PBXFileReference; includeInIndex = 1; lastKnownFileType = text.xcconfig; name = "Pods-Flix-CloneTests.release.xcconfig"; path = "Target Support Files/Pods-Flix-CloneTests/Pods-Flix-CloneTests.release.xcconfig"; sourceTree = "<group>"; };
		519A83E999042ECD0ED7F0D9 /* Pods-Flix-Clone.debug.xcconfig */ = {isa = PBXFileReference; includeInIndex = 1; lastKnownFileType = text.xcconfig; name = "Pods-Flix-Clone.debug.xcconfig"; path = "Target Support Files/Pods-Flix-Clone/Pods-Flix-Clone.debug.xcconfig"; sourceTree = "<group>"; };
		7B6BE149C3F204BF440C4A98 /* Pods_Flix_CloneTests.framework */ = {isa = PBXFileReference; explicitFileType = wrapper.framework; includeInIndex = 0; path = Pods_Flix_CloneTests.framework; sourceTree = BUILT_PRODUCTS_DIR; };
		8562C8226B7C6A96705F418D /* Pods-Flix-CloneTests.debug.xcconfig */ = {isa = PBXFileReference; includeInIndex = 1; lastKnownFileType = text.xcconfig; name = "Pods-Flix-CloneTests.debug.xcconfig"; path = "Target Support Files/Pods-Flix-CloneTests/Pods-Flix-CloneTests.debug.xcconfig"; sourceTree = "<group>"; };
		A0D1067CF4F1BAAC3F0F8C29 /* Pods-Flix-Clone-Flix-CloneUITests.release.xcconfig */ = {isa = PBXFileReference; includeInIndex = 1; lastKnownFileType = text.xcconfig; name = "Pods-Flix-Clone-Flix-CloneUITests.release.xcconfig"; path = "Target Support Files/Pods-Flix-Clone-Flix-CloneUITests/Pods-Flix-Clone-Flix-CloneUITests.release.xcconfig"; sourceTree = "<group>"; };
		CBFAFE1ECE76AD04D43878E3 /* Pods_Flix_Clone.framework */ = {isa = PBXFileReference; explicitFileType = wrapper.framework; includeInIndex = 0; path = Pods_Flix_Clone.framework; sourceTree = BUILT_PRODUCTS_DIR; };
		D968A042B22716D780366209 /* Pods-Flix-Clone.release.xcconfig */ = {isa = PBXFileReference; includeInIndex = 1; lastKnownFileType = text.xcconfig; name = "Pods-Flix-Clone.release.xcconfig"; path = "Target Support Files/Pods-Flix-Clone/Pods-Flix-Clone.release.xcconfig"; sourceTree = "<group>"; };
		F9A86C4810DADF2AF34742AF /* Pods_Flix_Clone_Flix_CloneUITests.framework */ = {isa = PBXFileReference; explicitFileType = wrapper.framework; includeInIndex = 0; path = Pods_Flix_Clone_Flix_CloneUITests.framework; sourceTree = BUILT_PRODUCTS_DIR; };
/* End PBXFileReference section */

/* Begin PBXFrameworksBuildPhase section */
		24534B3928CFFD9B00706985 /* Frameworks */ = {
			isa = PBXFrameworksBuildPhase;
			buildActionMask = 2147483647;
			files = (
				2489869328D02C6000B13CA9 /* AlamofireImage in Frameworks */,
				022D37E9557FE9700BD9FE16 /* Pods_Flix_Clone.framework in Frameworks */,
			);
			runOnlyForDeploymentPostprocessing = 0;
		};
		24534B4F28CFFD9D00706985 /* Frameworks */ = {
			isa = PBXFrameworksBuildPhase;
			buildActionMask = 2147483647;
			files = (
				45CA49E98AA5BDC27FABAC14 /* Pods_Flix_CloneTests.framework in Frameworks */,
			);
			runOnlyForDeploymentPostprocessing = 0;
		};
		24534B5928CFFD9D00706985 /* Frameworks */ = {
			isa = PBXFrameworksBuildPhase;
			buildActionMask = 2147483647;
			files = (
				D02173B98CB858A0E105F55E /* Pods_Flix_Clone_Flix_CloneUITests.framework in Frameworks */,
			);
			runOnlyForDeploymentPostprocessing = 0;
		};
/* End PBXFrameworksBuildPhase section */

/* Begin PBXGroup section */
		24534B3328CFFD9B00706985 = {
			isa = PBXGroup;
			children = (
				24534B3E28CFFD9B00706985 /* Flix-Clone */,
				24534B5528CFFD9D00706985 /* Flix-CloneTests */,
				24534B5F28CFFD9D00706985 /* Flix-CloneUITests */,
				24534B3D28CFFD9B00706985 /* Products */,
				33EA198C6E05F42F32130D06 /* Pods */,
				B8C17DD2E23B2B3B52EBE5EA /* Frameworks */,
			);
			sourceTree = "<group>";
		};
		24534B3D28CFFD9B00706985 /* Products */ = {
			isa = PBXGroup;
			children = (
				24534B3C28CFFD9B00706985 /* Flix-Clone.app */,
				24534B5228CFFD9D00706985 /* Flix-CloneTests.xctest */,
				24534B5C28CFFD9D00706985 /* Flix-CloneUITests.xctest */,
			);
			name = Products;
			sourceTree = "<group>";
		};
		24534B3E28CFFD9B00706985 /* Flix-Clone */ = {
			isa = PBXGroup;
			children = (
				24534B3F28CFFD9B00706985 /* AppDelegate.swift */,
				24534B4128CFFD9B00706985 /* SceneDelegate.swift */,
				24534B4328CFFD9B00706985 /* ViewController.swift */,
				24534B4528CFFD9B00706985 /* Main.storyboard */,
				2489868F28D01C2400B13CA9 /* MovieCellTableViewCell.swift */,
				24534B4828CFFD9D00706985 /* Assets.xcassets */,
				24534B4A28CFFD9D00706985 /* LaunchScreen.storyboard */,
				24534B4D28CFFD9D00706985 /* Info.plist */,
				248EABF228D90C5C00FC4E09 /* MovieDetailsViewController.swift */,
				248EABF428D9291400FC4E09 /* MovieGridViewController.swift */,
				249D992028D9908B000A6DC7 /* MovieGridCell.swift */,
			);
			path = "Flix-Clone";
			sourceTree = "<group>";
		};
		24534B5528CFFD9D00706985 /* Flix-CloneTests */ = {
			isa = PBXGroup;
			children = (
				24534B5628CFFD9D00706985 /* Flix_CloneTests.swift */,
			);
			path = "Flix-CloneTests";
			sourceTree = "<group>";
		};
		24534B5F28CFFD9D00706985 /* Flix-CloneUITests */ = {
			isa = PBXGroup;
			children = (
				24534B6028CFFD9D00706985 /* Flix_CloneUITests.swift */,
				24534B6228CFFD9D00706985 /* Flix_CloneUITestsLaunchTests.swift */,
			);
			path = "Flix-CloneUITests";
			sourceTree = "<group>";
		};
		33EA198C6E05F42F32130D06 /* Pods */ = {
			isa = PBXGroup;
			children = (
				519A83E999042ECD0ED7F0D9 /* Pods-Flix-Clone.debug.xcconfig */,
				D968A042B22716D780366209 /* Pods-Flix-Clone.release.xcconfig */,
				429744A7020F10224775DAD8 /* Pods-Flix-Clone-Flix-CloneUITests.debug.xcconfig */,
				A0D1067CF4F1BAAC3F0F8C29 /* Pods-Flix-Clone-Flix-CloneUITests.release.xcconfig */,
				8562C8226B7C6A96705F418D /* Pods-Flix-CloneTests.debug.xcconfig */,
				4BCFB7FA409525DF0A0AB94E /* Pods-Flix-CloneTests.release.xcconfig */,
			);
			path = Pods;
			sourceTree = "<group>";
		};
		B8C17DD2E23B2B3B52EBE5EA /* Frameworks */ = {
			isa = PBXGroup;
			children = (
				CBFAFE1ECE76AD04D43878E3 /* Pods_Flix_Clone.framework */,
				F9A86C4810DADF2AF34742AF /* Pods_Flix_Clone_Flix_CloneUITests.framework */,
				7B6BE149C3F204BF440C4A98 /* Pods_Flix_CloneTests.framework */,
			);
			name = Frameworks;
			sourceTree = "<group>";
		};
/* End PBXGroup section */

/* Begin PBXNativeTarget section */
		24534B3B28CFFD9B00706985 /* Flix-Clone */ = {
			isa = PBXNativeTarget;
			buildConfigurationList = 24534B6628CFFD9D00706985 /* Build configuration list for PBXNativeTarget "Flix-Clone" */;
			buildPhases = (
				9BF1F0C8C9C969411560BB50 /* [CP] Check Pods Manifest.lock */,
				24534B3828CFFD9B00706985 /* Sources */,
				24534B3928CFFD9B00706985 /* Frameworks */,
				24534B3A28CFFD9B00706985 /* Resources */,
				F95F204F0BB3E4D9A219F12A /* [CP] Embed Pods Frameworks */,
			);
			buildRules = (
			);
			dependencies = (
			);
			name = "Flix-Clone";
			packageProductDependencies = (
				2489869228D02C6000B13CA9 /* AlamofireImage */,
			);
			productName = "Flix-Clone";
			productReference = 24534B3C28CFFD9B00706985 /* Flix-Clone.app */;
			productType = "com.apple.product-type.application";
		};
		24534B5128CFFD9D00706985 /* Flix-CloneTests */ = {
			isa = PBXNativeTarget;
			buildConfigurationList = 24534B6928CFFD9D00706985 /* Build configuration list for PBXNativeTarget "Flix-CloneTests" */;
			buildPhases = (
				BB5BFFB446F8799ED7AAE417 /* [CP] Check Pods Manifest.lock */,
				24534B4E28CFFD9D00706985 /* Sources */,
				24534B4F28CFFD9D00706985 /* Frameworks */,
				24534B5028CFFD9D00706985 /* Resources */,
			);
			buildRules = (
			);
			dependencies = (
				24534B5428CFFD9D00706985 /* PBXTargetDependency */,
			);
			name = "Flix-CloneTests";
			productName = "Flix-CloneTests";
			productReference = 24534B5228CFFD9D00706985 /* Flix-CloneTests.xctest */;
			productType = "com.apple.product-type.bundle.unit-test";
		};
		24534B5B28CFFD9D00706985 /* Flix-CloneUITests */ = {
			isa = PBXNativeTarget;
			buildConfigurationList = 24534B6C28CFFD9D00706985 /* Build configuration list for PBXNativeTarget "Flix-CloneUITests" */;
			buildPhases = (
				A955074B84682DD6BE256933 /* [CP] Check Pods Manifest.lock */,
				24534B5828CFFD9D00706985 /* Sources */,
				24534B5928CFFD9D00706985 /* Frameworks */,
				24534B5A28CFFD9D00706985 /* Resources */,
				53C2E99153446C9C273E3CE1 /* [CP] Embed Pods Frameworks */,
			);
			buildRules = (
			);
			dependencies = (
				24534B5E28CFFD9D00706985 /* PBXTargetDependency */,
			);
			name = "Flix-CloneUITests";
			productName = "Flix-CloneUITests";
			productReference = 24534B5C28CFFD9D00706985 /* Flix-CloneUITests.xctest */;
			productType = "com.apple.product-type.bundle.ui-testing";
		};
/* End PBXNativeTarget section */

/* Begin PBXProject section */
		24534B3428CFFD9B00706985 /* Project object */ = {
			isa = PBXProject;
			attributes = {
				BuildIndependentTargetsInParallel = 1;
				LastSwiftUpdateCheck = 1340;
				LastUpgradeCheck = 1340;
				TargetAttributes = {
					24534B3B28CFFD9B00706985 = {
						CreatedOnToolsVersion = 13.4.1;
					};
					24534B5128CFFD9D00706985 = {
						CreatedOnToolsVersion = 13.4.1;
						TestTargetID = 24534B3B28CFFD9B00706985;
					};
					24534B5B28CFFD9D00706985 = {
						CreatedOnToolsVersion = 13.4.1;
						TestTargetID = 24534B3B28CFFD9B00706985;
					};
				};
			};
			buildConfigurationList = 24534B3728CFFD9B00706985 /* Build configuration list for PBXProject "Flix-Clone" */;
			compatibilityVersion = "Xcode 13.0";
			developmentRegion = en;
			hasScannedForEncodings = 0;
			knownRegions = (
				en,
				Base,
			);
			mainGroup = 24534B3328CFFD9B00706985;
			packageReferences = (
				2489869128D02C6000B13CA9 /* XCRemoteSwiftPackageReference "AlamofireImage" */,
			);
			productRefGroup = 24534B3D28CFFD9B00706985 /* Products */;
			projectDirPath = "";
			projectRoot = "";
			targets = (
				24534B3B28CFFD9B00706985 /* Flix-Clone */,
				24534B5128CFFD9D00706985 /* Flix-CloneTests */,
				24534B5B28CFFD9D00706985 /* Flix-CloneUITests */,
			);
		};
/* End PBXProject section */

/* Begin PBXResourcesBuildPhase section */
		24534B3A28CFFD9B00706985 /* Resources */ = {
			isa = PBXResourcesBuildPhase;
			buildActionMask = 2147483647;
			files = (
				24534B4C28CFFD9D00706985 /* LaunchScreen.storyboard in Resources */,
				24534B4928CFFD9D00706985 /* Assets.xcassets in Resources */,
				24534B4728CFFD9B00706985 /* Main.storyboard in Resources */,
			);
			runOnlyForDeploymentPostprocessing = 0;
		};
		24534B5028CFFD9D00706985 /* Resources */ = {
			isa = PBXResourcesBuildPhase;
			buildActionMask = 2147483647;
			files = (
			);
			runOnlyForDeploymentPostprocessing = 0;
		};
		24534B5A28CFFD9D00706985 /* Resources */ = {
			isa = PBXResourcesBuildPhase;
			buildActionMask = 2147483647;
			files = (
			);
			runOnlyForDeploymentPostprocessing = 0;
		};
/* End PBXResourcesBuildPhase section */

/* Begin PBXShellScriptBuildPhase section */
		53C2E99153446C9C273E3CE1 /* [CP] Embed Pods Frameworks */ = {
			isa = PBXShellScriptBuildPhase;
			buildActionMask = 2147483647;
			files = (
			);
			inputFileListPaths = (
				"${PODS_ROOT}/Target Support Files/Pods-Flix-Clone-Flix-CloneUITests/Pods-Flix-Clone-Flix-CloneUITests-frameworks-${CONFIGURATION}-input-files.xcfilelist",
			);
			name = "[CP] Embed Pods Frameworks";
			outputFileListPaths = (
				"${PODS_ROOT}/Target Support Files/Pods-Flix-Clone-Flix-CloneUITests/Pods-Flix-Clone-Flix-CloneUITests-frameworks-${CONFIGURATION}-output-files.xcfilelist",
			);
			runOnlyForDeploymentPostprocessing = 0;
			shellPath = /bin/sh;
			shellScript = "\"${PODS_ROOT}/Target Support Files/Pods-Flix-Clone-Flix-CloneUITests/Pods-Flix-Clone-Flix-CloneUITests-frameworks.sh\"\n";
			showEnvVarsInLog = 0;
		};
		9BF1F0C8C9C969411560BB50 /* [CP] Check Pods Manifest.lock */ = {
			isa = PBXShellScriptBuildPhase;
			buildActionMask = 2147483647;
			files = (
			);
			inputFileListPaths = (
			);
			inputPaths = (
				"${PODS_PODFILE_DIR_PATH}/Podfile.lock",
				"${PODS_ROOT}/Manifest.lock",
			);
			name = "[CP] Check Pods Manifest.lock";
			outputFileListPaths = (
			);
			outputPaths = (
				"$(DERIVED_FILE_DIR)/Pods-Flix-Clone-checkManifestLockResult.txt",
			);
			runOnlyForDeploymentPostprocessing = 0;
			shellPath = /bin/sh;
			shellScript = "diff \"${PODS_PODFILE_DIR_PATH}/Podfile.lock\" \"${PODS_ROOT}/Manifest.lock\" > /dev/null\nif [ $? != 0 ] ; then\n    # print error to STDERR\n    echo \"error: The sandbox is not in sync with the Podfile.lock. Run 'pod install' or update your CocoaPods installation.\" >&2\n    exit 1\nfi\n# This output is used by Xcode 'outputs' to avoid re-running this script phase.\necho \"SUCCESS\" > \"${SCRIPT_OUTPUT_FILE_0}\"\n";
			showEnvVarsInLog = 0;
		};
		A955074B84682DD6BE256933 /* [CP] Check Pods Manifest.lock */ = {
			isa = PBXShellScriptBuildPhase;
			buildActionMask = 2147483647;
			files = (
			);
			inputFileListPaths = (
			);
			inputPaths = (
				"${PODS_PODFILE_DIR_PATH}/Podfile.lock",
				"${PODS_ROOT}/Manifest.lock",
			);
			name = "[CP] Check Pods Manifest.lock";
			outputFileListPaths = (
			);
			outputPaths = (
				"$(DERIVED_FILE_DIR)/Pods-Flix-Clone-Flix-CloneUITests-checkManifestLockResult.txt",
			);
			runOnlyForDeploymentPostprocessing = 0;
			shellPath = /bin/sh;
			shellScript = "diff \"${PODS_PODFILE_DIR_PATH}/Podfile.lock\" \"${PODS_ROOT}/Manifest.lock\" > /dev/null\nif [ $? != 0 ] ; then\n    # print error to STDERR\n    echo \"error: The sandbox is not in sync with the Podfile.lock. Run 'pod install' or update your CocoaPods installation.\" >&2\n    exit 1\nfi\n# This output is used by Xcode 'outputs' to avoid re-running this script phase.\necho \"SUCCESS\" > \"${SCRIPT_OUTPUT_FILE_0}\"\n";
			showEnvVarsInLog = 0;
		};
		BB5BFFB446F8799ED7AAE417 /* [CP] Check Pods Manifest.lock */ = {
			isa = PBXShellScriptBuildPhase;
			buildActionMask = 2147483647;
			files = (
			);
			inputFileListPaths = (
			);
			inputPaths = (
				"${PODS_PODFILE_DIR_PATH}/Podfile.lock",
				"${PODS_ROOT}/Manifest.lock",
			);
			name = "[CP] Check Pods Manifest.lock";
			outputFileListPaths = (
			);
			outputPaths = (
				"$(DERIVED_FILE_DIR)/Pods-Flix-CloneTests-checkManifestLockResult.txt",
			);
			runOnlyForDeploymentPostprocessing = 0;
			shellPath = /bin/sh;
			shellScript = "diff \"${PODS_PODFILE_DIR_PATH}/Podfile.lock\" \"${PODS_ROOT}/Manifest.lock\" > /dev/null\nif [ $? != 0 ] ; then\n    # print error to STDERR\n    echo \"error: The sandbox is not in sync with the Podfile.lock. Run 'pod install' or update your CocoaPods installation.\" >&2\n    exit 1\nfi\n# This output is used by Xcode 'outputs' to avoid re-running this script phase.\necho \"SUCCESS\" > \"${SCRIPT_OUTPUT_FILE_0}\"\n";
			showEnvVarsInLog = 0;
		};
		F95F204F0BB3E4D9A219F12A /* [CP] Embed Pods Frameworks */ = {
			isa = PBXShellScriptBuildPhase;
			buildActionMask = 2147483647;
			files = (
			);
			inputFileListPaths = (
				"${PODS_ROOT}/Target Support Files/Pods-Flix-Clone/Pods-Flix-Clone-frameworks-${CONFIGURATION}-input-files.xcfilelist",
			);
			name = "[CP] Embed Pods Frameworks";
			outputFileListPaths = (
				"${PODS_ROOT}/Target Support Files/Pods-Flix-Clone/Pods-Flix-Clone-frameworks-${CONFIGURATION}-output-files.xcfilelist",
			);
			runOnlyForDeploymentPostprocessing = 0;
			shellPath = /bin/sh;
			shellScript = "\"${PODS_ROOT}/Target Support Files/Pods-Flix-Clone/Pods-Flix-Clone-frameworks.sh\"\n";
			showEnvVarsInLog = 0;
		};
/* End PBXShellScriptBuildPhase section */

/* Begin PBXSourcesBuildPhase section */
		24534B3828CFFD9B00706985 /* Sources */ = {
			isa = PBXSourcesBuildPhase;
			buildActionMask = 2147483647;
			files = (
				248EABF328D90C5C00FC4E09 /* MovieDetailsViewController.swift in Sources */,
				24534B4428CFFD9B00706985 /* ViewController.swift in Sources */,
				24534B4028CFFD9B00706985 /* AppDelegate.swift in Sources */,
				2489869028D01C2400B13CA9 /* MovieCellTableViewCell.swift in Sources */,
				24534B4228CFFD9B00706985 /* SceneDelegate.swift in Sources */,
				248EABF528D9291400FC4E09 /* MovieGridViewController.swift in Sources */,
				249D992128D9908B000A6DC7 /* MovieGridCell.swift in Sources */,
			);
			runOnlyForDeploymentPostprocessing = 0;
		};
		24534B4E28CFFD9D00706985 /* Sources */ = {
			isa = PBXSourcesBuildPhase;
			buildActionMask = 2147483647;
			files = (
				24534B5728CFFD9D00706985 /* Flix_CloneTests.swift in Sources */,
			);
			runOnlyForDeploymentPostprocessing = 0;
		};
		24534B5828CFFD9D00706985 /* Sources */ = {
			isa = PBXSourcesBuildPhase;
			buildActionMask = 2147483647;
			files = (
				24534B6128CFFD9D00706985 /* Flix_CloneUITests.swift in Sources */,
				24534B6328CFFD9D00706985 /* Flix_CloneUITestsLaunchTests.swift in Sources */,
			);
			runOnlyForDeploymentPostprocessing = 0;
		};
/* End PBXSourcesBuildPhase section */

/* Begin PBXTargetDependency section */
		24534B5428CFFD9D00706985 /* PBXTargetDependency */ = {
			isa = PBXTargetDependency;
			target = 24534B3B28CFFD9B00706985 /* Flix-Clone */;
			targetProxy = 24534B5328CFFD9D00706985 /* PBXContainerItemProxy */;
		};
		24534B5E28CFFD9D00706985 /* PBXTargetDependency */ = {
			isa = PBXTargetDependency;
			target = 24534B3B28CFFD9B00706985 /* Flix-Clone */;
			targetProxy = 24534B5D28CFFD9D00706985 /* PBXContainerItemProxy */;
		};
/* End PBXTargetDependency section */

/* Begin PBXVariantGroup section */
		24534B4528CFFD9B00706985 /* Main.storyboard */ = {
			isa = PBXVariantGroup;
			children = (
				24534B4628CFFD9B00706985 /* Base */,
			);
			name = Main.storyboard;
			sourceTree = "<group>";
		};
		24534B4A28CFFD9D00706985 /* LaunchScreen.storyboard */ = {
			isa = PBXVariantGroup;
			children = (
				24534B4B28CFFD9D00706985 /* Base */,
			);
			name = LaunchScreen.storyboard;
			sourceTree = "<group>";
		};
/* End PBXVariantGroup section */

/* Begin XCBuildConfiguration section */
		24534B6428CFFD9D00706985 /* Debug */ = {
			isa = XCBuildConfiguration;
			buildSettings = {
				ALWAYS_SEARCH_USER_PATHS = NO;
				CLANG_ANALYZER_NONNULL = YES;
				CLANG_ANALYZER_NUMBER_OBJECT_CONVERSION = YES_AGGRESSIVE;
				CLANG_CXX_LANGUAGE_STANDARD = "gnu++17";
				CLANG_ENABLE_MODULES = YES;
				CLANG_ENABLE_OBJC_ARC = YES;
				CLANG_ENABLE_OBJC_WEAK = YES;
				CLANG_WARN_BLOCK_CAPTURE_AUTORELEASING = YES;
				CLANG_WARN_BOOL_CONVERSION = YES;
				CLANG_WARN_COMMA = YES;
				CLANG_WARN_CONSTANT_CONVERSION = YES;
				CLANG_WARN_DEPRECATED_OBJC_IMPLEMENTATIONS = YES;
				CLANG_WARN_DIRECT_OBJC_ISA_USAGE = YES_ERROR;
				CLANG_WARN_DOCUMENTATION_COMMENTS = YES;
				CLANG_WARN_EMPTY_BODY = YES;
				CLANG_WARN_ENUM_CONVERSION = YES;
				CLANG_WARN_INFINITE_RECURSION = YES;
				CLANG_WARN_INT_CONVERSION = YES;
				CLANG_WARN_NON_LITERAL_NULL_CONVERSION = YES;
				CLANG_WARN_OBJC_IMPLICIT_RETAIN_SELF = YES;
				CLANG_WARN_OBJC_LITERAL_CONVERSION = YES;
				CLANG_WARN_OBJC_ROOT_CLASS = YES_ERROR;
				CLANG_WARN_QUOTED_INCLUDE_IN_FRAMEWORK_HEADER = YES;
				CLANG_WARN_RANGE_LOOP_ANALYSIS = YES;
				CLANG_WARN_STRICT_PROTOTYPES = YES;
				CLANG_WARN_SUSPICIOUS_MOVE = YES;
				CLANG_WARN_UNGUARDED_AVAILABILITY = YES_AGGRESSIVE;
				CLANG_WARN_UNREACHABLE_CODE = YES;
				CLANG_WARN__DUPLICATE_METHOD_MATCH = YES;
				COPY_PHASE_STRIP = NO;
				DEBUG_INFORMATION_FORMAT = dwarf;
				ENABLE_STRICT_OBJC_MSGSEND = YES;
				ENABLE_TESTABILITY = YES;
				GCC_C_LANGUAGE_STANDARD = gnu11;
				GCC_DYNAMIC_NO_PIC = NO;
				GCC_NO_COMMON_BLOCKS = YES;
				GCC_OPTIMIZATION_LEVEL = 0;
				GCC_PREPROCESSOR_DEFINITIONS = (
					"DEBUG=1",
					"$(inherited)",
				);
				GCC_WARN_64_TO_32_BIT_CONVERSION = YES;
				GCC_WARN_ABOUT_RETURN_TYPE = YES_ERROR;
				GCC_WARN_UNDECLARED_SELECTOR = YES;
				GCC_WARN_UNINITIALIZED_AUTOS = YES_AGGRESSIVE;
				GCC_WARN_UNUSED_FUNCTION = YES;
				GCC_WARN_UNUSED_VARIABLE = YES;
				IPHONEOS_DEPLOYMENT_TARGET = 15.5;
				MTL_ENABLE_DEBUG_INFO = INCLUDE_SOURCE;
				MTL_FAST_MATH = YES;
				ONLY_ACTIVE_ARCH = YES;
				SDKROOT = iphoneos;
				SWIFT_ACTIVE_COMPILATION_CONDITIONS = DEBUG;
				SWIFT_OPTIMIZATION_LEVEL = "-Onone";
			};
			name = Debug;
		};
		24534B6528CFFD9D00706985 /* Release */ = {
			isa = XCBuildConfiguration;
			buildSettings = {
				ALWAYS_SEARCH_USER_PATHS = NO;
				CLANG_ANALYZER_NONNULL = YES;
				CLANG_ANALYZER_NUMBER_OBJECT_CONVERSION = YES_AGGRESSIVE;
				CLANG_CXX_LANGUAGE_STANDARD = "gnu++17";
				CLANG_ENABLE_MODULES = YES;
				CLANG_ENABLE_OBJC_ARC = YES;
				CLANG_ENABLE_OBJC_WEAK = YES;
				CLANG_WARN_BLOCK_CAPTURE_AUTORELEASING = YES;
				CLANG_WARN_BOOL_CONVERSION = YES;
				CLANG_WARN_COMMA = YES;
				CLANG_WARN_CONSTANT_CONVERSION = YES;
				CLANG_WARN_DEPRECATED_OBJC_IMPLEMENTATIONS = YES;
				CLANG_WARN_DIRECT_OBJC_ISA_USAGE = YES_ERROR;
				CLANG_WARN_DOCUMENTATION_COMMENTS = YES;
				CLANG_WARN_EMPTY_BODY = YES;
				CLANG_WARN_ENUM_CONVERSION = YES;
				CLANG_WARN_INFINITE_RECURSION = YES;
				CLANG_WARN_INT_CONVERSION = YES;
				CLANG_WARN_NON_LITERAL_NULL_CONVERSION = YES;
				CLANG_WARN_OBJC_IMPLICIT_RETAIN_SELF = YES;
				CLANG_WARN_OBJC_LITERAL_CONVERSION = YES;
				CLANG_WARN_OBJC_ROOT_CLASS = YES_ERROR;
				CLANG_WARN_QUOTED_INCLUDE_IN_FRAMEWORK_HEADER = YES;
				CLANG_WARN_RANGE_LOOP_ANALYSIS = YES;
				CLANG_WARN_STRICT_PROTOTYPES = YES;
				CLANG_WARN_SUSPICIOUS_MOVE = YES;
				CLANG_WARN_UNGUARDED_AVAILABILITY = YES_AGGRESSIVE;
				CLANG_WARN_UNREACHABLE_CODE = YES;
				CLANG_WARN__DUPLICATE_METHOD_MATCH = YES;
				COPY_PHASE_STRIP = NO;
				DEBUG_INFORMATION_FORMAT = "dwarf-with-dsym";
				ENABLE_NS_ASSERTIONS = NO;
				ENABLE_STRICT_OBJC_MSGSEND = YES;
				GCC_C_LANGUAGE_STANDARD = gnu11;
				GCC_NO_COMMON_BLOCKS = YES;
				GCC_WARN_64_TO_32_BIT_CONVERSION = YES;
				GCC_WARN_ABOUT_RETURN_TYPE = YES_ERROR;
				GCC_WARN_UNDECLARED_SELECTOR = YES;
				GCC_WARN_UNINITIALIZED_AUTOS = YES_AGGRESSIVE;
				GCC_WARN_UNUSED_FUNCTION = YES;
				GCC_WARN_UNUSED_VARIABLE = YES;
				IPHONEOS_DEPLOYMENT_TARGET = 15.5;
				MTL_ENABLE_DEBUG_INFO = NO;
				MTL_FAST_MATH = YES;
				SDKROOT = iphoneos;
				SWIFT_COMPILATION_MODE = wholemodule;
				SWIFT_OPTIMIZATION_LEVEL = "-O";
				VALIDATE_PRODUCT = YES;
			};
			name = Release;
		};
		24534B6728CFFD9D00706985 /* Debug */ = {
			isa = XCBuildConfiguration;
			baseConfigurationReference = 519A83E999042ECD0ED7F0D9 /* Pods-Flix-Clone.debug.xcconfig */;
			buildSettings = {
				ASSETCATALOG_COMPILER_APPICON_NAME = AppIcon;
				ASSETCATALOG_COMPILER_GLOBAL_ACCENT_COLOR_NAME = AccentColor;
				CODE_SIGN_STYLE = Automatic;
				CURRENT_PROJECT_VERSION = 1;
				DEVELOPMENT_TEAM = 42ML9ZSVDA;
				GENERATE_INFOPLIST_FILE = YES;
				INFOPLIST_FILE = "Flix-Clone/Info.plist";
				INFOPLIST_KEY_UIApplicationSupportsIndirectInputEvents = YES;
				INFOPLIST_KEY_UILaunchStoryboardName = LaunchScreen;
				INFOPLIST_KEY_UIMainStoryboardFile = Main;
				INFOPLIST_KEY_UISupportedInterfaceOrientations_iPad = "UIInterfaceOrientationPortrait UIInterfaceOrientationPortraitUpsideDown UIInterfaceOrientationLandscapeLeft UIInterfaceOrientationLandscapeRight";
				INFOPLIST_KEY_UISupportedInterfaceOrientations_iPhone = "UIInterfaceOrientationPortrait UIInterfaceOrientationLandscapeLeft UIInterfaceOrientationLandscapeRight";
				LD_RUNPATH_SEARCH_PATHS = (
					"$(inherited)",
					"@executable_path/Frameworks",
				);
				MARKETING_VERSION = 1.0;
				PRODUCT_BUNDLE_IDENTIFIER = "com.andrewreardigan.Flix-Clone";
				PRODUCT_NAME = "$(TARGET_NAME)";
				SWIFT_EMIT_LOC_STRINGS = YES;
				SWIFT_VERSION = 5.0;
				TARGETED_DEVICE_FAMILY = "1,2";
			};
			name = Debug;
		};
		24534B6828CFFD9D00706985 /* Release */ = {
			isa = XCBuildConfiguration;
			baseConfigurationReference = D968A042B22716D780366209 /* Pods-Flix-Clone.release.xcconfig */;
			buildSettings = {
				ASSETCATALOG_COMPILER_APPICON_NAME = AppIcon;
				ASSETCATALOG_COMPILER_GLOBAL_ACCENT_COLOR_NAME = AccentColor;
				CODE_SIGN_STYLE = Automatic;
				CURRENT_PROJECT_VERSION = 1;
				DEVELOPMENT_TEAM = 42ML9ZSVDA;
				GENERATE_INFOPLIST_FILE = YES;
				INFOPLIST_FILE = "Flix-Clone/Info.plist";
				INFOPLIST_KEY_UIApplicationSupportsIndirectInputEvents = YES;
				INFOPLIST_KEY_UILaunchStoryboardName = LaunchScreen;
				INFOPLIST_KEY_UIMainStoryboardFile = Main;
				INFOPLIST_KEY_UISupportedInterfaceOrientations_iPad = "UIInterfaceOrientationPortrait UIInterfaceOrientationPortraitUpsideDown UIInterfaceOrientationLandscapeLeft UIInterfaceOrientationLandscapeRight";
				INFOPLIST_KEY_UISupportedInterfaceOrientations_iPhone = "UIInterfaceOrientationPortrait UIInterfaceOrientationLandscapeLeft UIInterfaceOrientationLandscapeRight";
				LD_RUNPATH_SEARCH_PATHS = (
					"$(inherited)",
					"@executable_path/Frameworks",
				);
				MARKETING_VERSION = 1.0;
				PRODUCT_BUNDLE_IDENTIFIER = "com.andrewreardigan.Flix-Clone";
				PRODUCT_NAME = "$(TARGET_NAME)";
				SWIFT_EMIT_LOC_STRINGS = YES;
				SWIFT_VERSION = 5.0;
				TARGETED_DEVICE_FAMILY = "1,2";
			};
			name = Release;
		};
		24534B6A28CFFD9D00706985 /* Debug */ = {
			isa = XCBuildConfiguration;
			baseConfigurationReference = 8562C8226B7C6A96705F418D /* Pods-Flix-CloneTests.debug.xcconfig */;
			buildSettings = {
				ALWAYS_EMBED_SWIFT_STANDARD_LIBRARIES = YES;
				BUNDLE_LOADER = "$(TEST_HOST)";
				CODE_SIGN_STYLE = Automatic;
				CURRENT_PROJECT_VERSION = 1;
				GENERATE_INFOPLIST_FILE = YES;
				IPHONEOS_DEPLOYMENT_TARGET = 15.5;
				MARKETING_VERSION = 1.0;
				PRODUCT_BUNDLE_IDENTIFIER = "com.andrewreardigan.Flix-CloneTests";
				PRODUCT_NAME = "$(TARGET_NAME)";
				SWIFT_EMIT_LOC_STRINGS = NO;
				SWIFT_VERSION = 5.0;
				TARGETED_DEVICE_FAMILY = "1,2";
				TEST_HOST = "$(BUILT_PRODUCTS_DIR)/Flix-Clone.app/Flix-Clone";
			};
			name = Debug;
		};
		24534B6B28CFFD9D00706985 /* Release */ = {
			isa = XCBuildConfiguration;
			baseConfigurationReference = 4BCFB7FA409525DF0A0AB94E /* Pods-Flix-CloneTests.release.xcconfig */;
			buildSettings = {
				ALWAYS_EMBED_SWIFT_STANDARD_LIBRARIES = YES;
				BUNDLE_LOADER = "$(TEST_HOST)";
				CODE_SIGN_STYLE = Automatic;
				CURRENT_PROJECT_VERSION = 1;
				GENERATE_INFOPLIST_FILE = YES;
				IPHONEOS_DEPLOYMENT_TARGET = 15.5;
				MARKETING_VERSION = 1.0;
				PRODUCT_BUNDLE_IDENTIFIER = "com.andrewreardigan.Flix-CloneTests";
				PRODUCT_NAME = "$(TARGET_NAME)";
				SWIFT_EMIT_LOC_STRINGS = NO;
				SWIFT_VERSION = 5.0;
				TARGETED_DEVICE_FAMILY = "1,2";
				TEST_HOST = "$(BUILT_PRODUCTS_DIR)/Flix-Clone.app/Flix-Clone";
			};
			name = Release;
		};
		24534B6D28CFFD9D00706985 /* Debug */ = {
			isa = XCBuildConfiguration;
			baseConfigurationReference = 429744A7020F10224775DAD8 /* Pods-Flix-Clone-Flix-CloneUITests.debug.xcconfig */;
			buildSettings = {
				ALWAYS_EMBED_SWIFT_STANDARD_LIBRARIES = YES;
				CODE_SIGN_STYLE = Automatic;
				CURRENT_PROJECT_VERSION = 1;
				GENERATE_INFOPLIST_FILE = YES;
				MARKETING_VERSION = 1.0;
				PRODUCT_BUNDLE_IDENTIFIER = "com.andrewreardigan.Flix-CloneUITests";
				PRODUCT_NAME = "$(TARGET_NAME)";
				SWIFT_EMIT_LOC_STRINGS = NO;
				SWIFT_VERSION = 5.0;
				TARGETED_DEVICE_FAMILY = "1,2";
				TEST_TARGET_NAME = "Flix-Clone";
			};
			name = Debug;
		};
		24534B6E28CFFD9D00706985 /* Release */ = {
			isa = XCBuildConfiguration;
			baseConfigurationReference = A0D1067CF4F1BAAC3F0F8C29 /* Pods-Flix-Clone-Flix-CloneUITests.release.xcconfig */;
			buildSettings = {
				ALWAYS_EMBED_SWIFT_STANDARD_LIBRARIES = YES;
				CODE_SIGN_STYLE = Automatic;
				CURRENT_PROJECT_VERSION = 1;
				GENERATE_INFOPLIST_FILE = YES;
				MARKETING_VERSION = 1.0;
				PRODUCT_BUNDLE_IDENTIFIER = "com.andrewreardigan.Flix-CloneUITests";
				PRODUCT_NAME = "$(TARGET_NAME)";
				SWIFT_EMIT_LOC_STRINGS = NO;
				SWIFT_VERSION = 5.0;
				TARGETED_DEVICE_FAMILY = "1,2";
				TEST_TARGET_NAME = "Flix-Clone";
			};
			name = Release;
		};
/* End XCBuildConfiguration section */

/* Begin XCConfigurationList section */
		24534B3728CFFD9B00706985 /* Build configuration list for PBXProject "Flix-Clone" */ = {
			isa = XCConfigurationList;
			buildConfigurations = (
				24534B6428CFFD9D00706985 /* Debug */,
				24534B6528CFFD9D00706985 /* Release */,
			);
			defaultConfigurationIsVisible = 0;
			defaultConfigurationName = Release;
		};
		24534B6628CFFD9D00706985 /* Build configuration list for PBXNativeTarget "Flix-Clone" */ = {
			isa = XCConfigurationList;
			buildConfigurations = (
				24534B6728CFFD9D00706985 /* Debug */,
				24534B6828CFFD9D00706985 /* Release */,
			);
			defaultConfigurationIsVisible = 0;
			defaultConfigurationName = Release;
		};
		24534B6928CFFD9D00706985 /* Build configuration list for PBXNativeTarget "Flix-CloneTests" */ = {
			isa = XCConfigurationList;
			buildConfigurations = (
				24534B6A28CFFD9D00706985 /* Debug */,
				24534B6B28CFFD9D00706985 /* Release */,
			);
			defaultConfigurationIsVisible = 0;
			defaultConfigurationName = Release;
		};
		24534B6C28CFFD9D00706985 /* Build configuration list for PBXNativeTarget "Flix-CloneUITests" */ = {
			isa = XCConfigurationList;
			buildConfigurations = (
				24534B6D28CFFD9D00706985 /* Debug */,
				24534B6E28CFFD9D00706985 /* Release */,
			);
			defaultConfigurationIsVisible = 0;
			defaultConfigurationName = Release;
		};
/* End XCConfigurationList section */

/* Begin XCRemoteSwiftPackageReference section */
		2489869128D02C6000B13CA9 /* XCRemoteSwiftPackageReference "AlamofireImage" */ = {
			isa = XCRemoteSwiftPackageReference;
			repositoryURL = "https://github.com/Alamofire/AlamofireImage";
			requirement = {
				kind = upToNextMajorVersion;
				minimumVersion = 4.0.0;
			};
		};
/* End XCRemoteSwiftPackageReference section */

/* Begin XCSwiftPackageProductDependency section */
		2489869228D02C6000B13CA9 /* AlamofireImage */ = {
			isa = XCSwiftPackageProductDependency;
			package = 2489869128D02C6000B13CA9 /* XCRemoteSwiftPackageReference "AlamofireImage" */;
			productName = AlamofireImage;
		};
/* End XCSwiftPackageProductDependency section */
	};
	rootObject = 24534B3428CFFD9B00706985 /* Project object */;
}
